<?xml version="1.0" encoding="utf-8"?>
<Project ToolsVersion="4.0" xmlns="http://schemas.microsoft.com/developer/msbuild/2003">
  <ItemGroup>
    <Filter Include="源文件">
      <UniqueIdentifier>{4FC737F1-C7A5-4376-A066-2A32D752A2FF}</UniqueIdentifier>
      <Extensions>cpp;c;cc;cxx;def;odl;idl;hpj;bat;asm;asmx</Extensions>
    </Filter>
    <Filter Include="头文件">
      <UniqueIdentifier>{93995380-89BD-4b04-88EB-625FBE52EBFB}</UniqueIdentifier>
      <Extensions>h;hpp;hxx;hm;inl;inc;xsd</Extensions>
    </Filter>
    <Filter Include="资源文件">
      <UniqueIdentifier>{67DA6AB6-F800-4c08-8B7A-83BB121AAD01}</UniqueIdentifier>
      <Extensions>rc;ico;cur;bmp;dlg;rc2;rct;bin;rgs;gif;jpg;jpeg;jpe;resx;tiff;tif;png;wav;mfcribbon-ms</Extensions>
    </Filter>
    <Filter Include="网络">
      <UniqueIdentifier>{40fa1d7e-cf02-4b73-9f5f-9df86fb29e33}</UniqueIdentifier>
    </Filter>
    <Filter Include="中介者">
      <UniqueIdentifier>{e733f567-7978-47d1-b0d3-c276d70eff0a}</UniqueIdentifier>
    </Filter>
    <Filter Include="自定义协议包">
      <UniqueIdentifier>{ab7ffbc3-6abe-42e9-8ad3-75ed15b6c284}</UniqueIdentifier>
    </Filter>
  </ItemGroup>
  <ItemGroup>
    <Text Include="ReadMe.txt" />
  </ItemGroup>
  <ItemGroup>
    <ClInclude Include="feiq.h">
      <Filter>头文件</Filter>
    </ClInclude>
    <ClInclude Include="feiqDlg.h">
      <Filter>头文件</Filter>
    </ClInclude>
    <ClInclude Include="stdafx.h">
      <Filter>头文件</Filter>
    </ClInclude>
    <ClInclude Include="targetver.h">
      <Filter>头文件</Filter>
    </ClInclude>
    <ClInclude Include="Resource.h">
      <Filter>头文件</Filter>
    </ClInclude>
    <ClInclude Include="..\Net\INet.h">
      <Filter>网络</Filter>
    </ClInclude>
    <ClInclude Include="..\Net\TCPNet.h">
      <Filter>网络</Filter>
    </ClInclude>
    <ClInclude Include="..\Net\UDPNet.h">
      <Filter>网络</Filter>
    </ClInclude>
    <ClInclude Include="..\Mediator\IMediator.h">
      <Filter>中介者</Filter>
    </ClInclude>
    <ClInclude Include="..\Mediator\TCPMediator.h">
      <Filter>中介者</Filter>
    </ClInclude>
    <ClInclude Include="..\Mediator\UDPMediator.h">
      <Filter>中介者</Filter>
    </ClInclude>
    <ClInclude Include="..\Packdef\Packdef.h">
      <Filter>自定义协议包</Filter>
    </ClInclude>
    <ClInclude Include="MyDlgChat.h">
      <Filter>头文件</Filter>
    </ClInclude>
    <ClInclude Include="MyWnd.h">
      <Filter>头文件</Filter>
    </ClInclude>
  </ItemGroup>
  <ItemGroup>
    <ClCompile Include="feiq.cpp">
      <Filter>源文件</Filter>
    </ClCompile>
    <ClCompile Include="feiqDlg.cpp">
      <Filter>源文件</Filter>
    </ClCompile>
    <ClCompile Include="stdafx.cpp">
      <Filter>源文件</Filter>
    </ClCompile>
    <ClCompile Include="..\Net\TCPNet.cpp">
      <Filter>网络</Filter>
    </ClCompile>
    <ClCompile Include="..\Net\UDPNet.cpp">
      <Filter>网络</Filter>
    </ClCompile>
    <ClCompile Include="..\Mediator\TCPMediator.cpp">
      <Filter>中介者</Filter>
    </ClCompile>
    <ClCompile Include="..\Mediator\UDPMediator.cpp">
      <Filter>中介者</Filter>
    </ClCompile>
    <ClCompile Include="MyDlgChat.cpp">
      <Filter>源文件</Filter>
    </ClCompile>
    <ClCompile Include="MyWnd.cpp">
      <Filter>源文件</Filter>
    </ClCompile>
  </ItemGroup>
  <ItemGroup>
    <ResourceCompile Include="feiq.rc">
      <Filter>资源文件</Filter>
    </ResourceCompile>
  </ItemGroup>
  <ItemGroup>
    <None Include="res\feiq.rc2">
      <Filter>资源文件</Filter>
    </None>
  </ItemGroup>
  <ItemGroup>
    <Image Include="res\feiq.ico">
      <Filter>资源文件</Filter>
    </Image>
  </ItemGroup>
</Project>